
Microsoft Visual Studio Solution File, Format Version 12.00
# Visual Studio 2013
VisualStudioVersion = 12.0.31101.0
MinimumVisualStudioVersion = 10.0.40219.1
Project("{FAE04EC0-301F-11D3-BF4B-00C04F79EFBC}") = "CrossDomainSingletonTest", "CrossDomainSingletonTest\CrossDomainSingletonTest.csproj", "{91F0990A-1C65-4114-9EDF-49FAA9DEF3BF}"
EndProject
Project("{FAE04EC0-301F-11D3-BF4B-00C04F79EFBC}") = "Test.CrossDomainCalls", "Test.CrossDomainCalls\Test.CrossDomainCalls.csproj", "{6DD08911-E8F4-4431-8E08-7F193EB2452D}"
EndProject
Project("{2150E333-8FDC-42A3-9474-1A3956D46DE8}") = ".nuget", ".nuget", "{960A3070-9356-4318-94E1-1D14E8B99011}"
	ProjectSection(SolutionItems) = preProject
		.nuget\packages.config = .nuget\packages.config
	EndProjectSection
EndProject
Project("{8BC9CEB8-8B4A-11D0-8D11-00A0C91BC942}") = "CppCliLib", "CppCliLib\CppCliLib.vcxproj", "{CAD2BC20-863B-460E-85EE-8A116F842DD7}"
EndProject
Project("{FAE04EC0-301F-11D3-BF4B-00C04F79EFBC}") = "ManagedTools", "ManagedTools\ManagedTools.csproj", "{2433643A-818D-472A-8C1E-4E1BC077FA94}"
EndProject
Global
	GlobalSection(SolutionConfigurationPlatforms) = preSolution
		Debug|Any CPU = Debug|Any CPU
		Debug|Mixed Platforms = Debug|Mixed Platforms
		Debug|Win32 = Debug|Win32
		Debug|x86 = Debug|x86
		Release|Any CPU = Release|Any CPU
		Release|Mixed Platforms = Release|Mixed Platforms
		Release|Win32 = Release|Win32
		Release|x86 = Release|x86
	EndGlobalSection
	GlobalSection(ProjectConfigurationPlatforms) = postSolution
		{91F0990A-1C65-4114-9EDF-49FAA9DEF3BF}.Debug|Any CPU.ActiveCfg = Debug|x86
		{91F0990A-1C65-4114-9EDF-49FAA9DEF3BF}.Debug|Mixed Platforms.ActiveCfg = Debug|x86
		{91F0990A-1C65-4114-9EDF-49FAA9DEF3BF}.Debug|Mixed Platforms.Build.0 = Debug|x86
		{91F0990A-1C65-4114-9EDF-49FAA9DEF3BF}.Debug|Win32.ActiveCfg = Debug|x86
		{91F0990A-1C65-4114-9EDF-49FAA9DEF3BF}.Debug|Win32.Build.0 = Debug|x86
		{91F0990A-1C65-4114-9EDF-49FAA9DEF3BF}.Debug|x86.ActiveCfg = Debug|x86
		{91F0990A-1C65-4114-9EDF-49FAA9DEF3BF}.Debug|x86.Build.0 = Debug|x86
		{91F0990A-1C65-4114-9EDF-49FAA9DEF3BF}.Release|Any CPU.ActiveCfg = Release|x86
		{91F0990A-1C65-4114-9EDF-49FAA9DEF3BF}.Release|Mixed Platforms.ActiveCfg = Release|x86
		{91F0990A-1C65-4114-9EDF-49FAA9DEF3BF}.Release|Mixed Platforms.Build.0 = Release|x86
		{91F0990A-1C65-4114-9EDF-49FAA9DEF3BF}.Release|Win32.ActiveCfg = Release|x86
		{91F0990A-1C65-4114-9EDF-49FAA9DEF3BF}.Release|Win32.Build.0 = Release|x86
		{91F0990A-1C65-4114-9EDF-49FAA9DEF3BF}.Release|x86.ActiveCfg = Release|x86
		{91F0990A-1C65-4114-9EDF-49FAA9DEF3BF}.Release|x86.Build.0 = Release|x86
		{6DD08911-E8F4-4431-8E08-7F193EB2452D}.Debug|Any CPU.ActiveCfg = Debug|Any CPU
		{6DD08911-E8F4-4431-8E08-7F193EB2452D}.Debug|Any CPU.Build.0 = Debug|Any CPU
		{6DD08911-E8F4-4431-8E08-7F193EB2452D}.Debug|Mixed Platforms.ActiveCfg = Debug|x86
		{6DD08911-E8F4-4431-8E08-7F193EB2452D}.Debug|Mixed Platforms.Build.0 = Debug|x86
		{6DD08911-E8F4-4431-8E08-7F193EB2452D}.Debug|Win32.ActiveCfg = Debug|Any CPU
		{6DD08911-E8F4-4431-8E08-7F193EB2452D}.Debug|x86.ActiveCfg = Debug|Any CPU
		{6DD08911-E8F4-4431-8E08-7F193EB2452D}.Release|Any CPU.ActiveCfg = Release|Any CPU
		{6DD08911-E8F4-4431-8E08-7F193EB2452D}.Release|Any CPU.Build.0 = Release|Any CPU
		{6DD08911-E8F4-4431-8E08-7F193EB2452D}.Release|Mixed Platforms.ActiveCfg = Release|x86
		{6DD08911-E8F4-4431-8E08-7F193EB2452D}.Release|Mixed Platforms.Build.0 = Release|x86
		{6DD08911-E8F4-4431-8E08-7F193EB2452D}.Release|Win32.ActiveCfg = Release|Any CPU
		{6DD08911-E8F4-4431-8E08-7F193EB2452D}.Release|x86.ActiveCfg = Release|Any CPU
		{CAD2BC20-863B-460E-85EE-8A116F842DD7}.Debug|Any CPU.ActiveCfg = Debug|Win32
		{CAD2BC20-863B-460E-85EE-8A116F842DD7}.Debug|Mixed Platforms.ActiveCfg = Debug|Win32
		{CAD2BC20-863B-460E-85EE-8A116F842DD7}.Debug|Mixed Platforms.Build.0 = Debug|Win32
		{CAD2BC20-863B-460E-85EE-8A116F842DD7}.Debug|Win32.ActiveCfg = Debug|Win32
		{CAD2BC20-863B-460E-85EE-8A116F842DD7}.Debug|Win32.Build.0 = Debug|Win32
		{CAD2BC20-863B-460E-85EE-8A116F842DD7}.Debug|x86.ActiveCfg = Debug|Win32
		{CAD2BC20-863B-460E-85EE-8A116F842DD7}.Debug|x86.Build.0 = Debug|Win32
		{CAD2BC20-863B-460E-85EE-8A116F842DD7}.Release|Any CPU.ActiveCfg = Release|Win32
		{CAD2BC20-863B-460E-85EE-8A116F842DD7}.Release|Mixed Platforms.ActiveCfg = Release|Win32
		{CAD2BC20-863B-460E-85EE-8A116F842DD7}.Release|Mixed Platforms.Build.0 = Release|Win32
		{CAD2BC20-863B-460E-85EE-8A116F842DD7}.Release|Win32.ActiveCfg = Release|Win32
		{CAD2BC20-863B-460E-85EE-8A116F842DD7}.Release|Win32.Build.0 = Release|Win32
		{CAD2BC20-863B-460E-85EE-8A116F842DD7}.Release|x86.ActiveCfg = Release|Win32
		{CAD2BC20-863B-460E-85EE-8A116F842DD7}.Release|x86.Build.0 = Release|Win32
		{2433643A-818D-472A-8C1E-4E1BC077FA94}.Debug|Any CPU.ActiveCfg = Debug|Any CPU
		{2433643A-818D-472A-8C1E-4E1BC077FA94}.Debug|Any CPU.Build.0 = Debug|Any CPU
		{2433643A-818D-472A-8C1E-4E1BC077FA94}.Debug|Mixed Platforms.ActiveCfg = Debug|x86
		{2433643A-818D-472A-8C1E-4E1BC077FA94}.Debug|Mixed Platforms.Build.0 = Debug|x86
		{2433643A-818D-472A-8C1E-4E1BC077FA94}.Debug|Win32.ActiveCfg = Debug|Any CPU
		{2433643A-818D-472A-8C1E-4E1BC077FA94}.Debug|x86.ActiveCfg = Debug|Any CPU
		{2433643A-818D-472A-8C1E-4E1BC077FA94}.Release|Any CPU.ActiveCfg = Release|Any CPU
		{2433643A-818D-472A-8C1E-4E1BC077FA94}.Release|Any CPU.Build.0 = Release|Any CPU
		{2433643A-818D-472A-8C1E-4E1BC077FA94}.Release|Mixed Platforms.ActiveCfg = Release|x86
		{2433643A-818D-472A-8C1E-4E1BC077FA94}.Release|Mixed Platforms.Build.0 = Release|x86
		{2433643A-818D-472A-8C1E-4E1BC077FA94}.Release|Win32.ActiveCfg = Release|Any CPU
		{2433643A-818D-472A-8C1E-4E1BC077FA94}.Release|x86.ActiveCfg = Release|Any CPU
	EndGlobalSection
	GlobalSection(SolutionProperties) = preSolution
		HideSolutionNode = FALSE
	EndGlobalSection
EndGlobal
